
Microsoft Visual Studio Solution File, Format Version 12.00
# Visual Studio Version 17
VisualStudioVersion = 17.5.002.0
MinimumVisualStudioVersion = 10.0.40219.1
Project("{9A19103F-16F7-4668-BE54-9A1E7A4F7556}") = "bench", "bench.csproj", "{1DB7E7DD-EB3C-4F01-8ED1-361995B85FAA}"
EndProject
Project("{2150E333-8FDC-42A3-9474-1A3956D46DE8}") = "bin", "bin", "{ED3BD478-18AB-4159-963E-F08AE20E0BDD}"
EndProject
Project("{2150E333-8FDC-42A3-9474-1A3956D46DE8}") = "Release", "Release", "{D00294A5-AAB5-4015-BD30-510A944A1432}"
EndProject
Project("{2150E333-8FDC-42A3-9474-1A3956D46DE8}") = "net7.0", "net7.0", "{004D845F-E879-4A83-A59A-3A904FC86ED1}"
EndProject
Project("{9A19103F-16F7-4668-BE54-9A1E7A4F7556}") = "BenchmarkDotNet.Autogenerated", "bin\Release\net7.0\5ec78a68-a70e-4f17-ba6c-02f87d1b7804\BenchmarkDotNet.Autogenerated.csproj", "{C85C6E49-AF74-48A4-BF57-D68CDD02BF81}"
EndProject
Project("{9A19103F-16F7-4668-BE54-9A1E7A4F7556}") = "BenchmarkDotNet.Autogenerated (1)", "bin\Release\net7.0\9a472848-7acb-4624-9c91-ae80f46747e1\BenchmarkDotNet.Autogenerated.csproj", "{D7C7038A-FF0E-48CE-8651-707789B783AD}"
EndProject
Project("{9A19103F-16F7-4668-BE54-9A1E7A4F7556}") = "BenchmarkDotNet.Autogenerated (2)", "bin\Release\net7.0\a65286bb-1386-45f6-a432-62d38f4885b7\BenchmarkDotNet.Autogenerated.csproj", "{1C99437C-9466-4531-8E71-69CB60FC5D77}"
EndProject
Global
	GlobalSection(SolutionConfigurationPlatforms) = preSolution
		Debug|Any CPU = Debug|Any CPU
		Release|Any CPU = Release|Any CPU
	EndGlobalSection
	GlobalSection(ProjectConfigurationPlatforms) = postSolution
		{1DB7E7DD-EB3C-4F01-8ED1-361995B85FAA}.Debug|Any CPU.ActiveCfg = Debug|Any CPU
		{1DB7E7DD-EB3C-4F01-8ED1-361995B85FAA}.Debug|Any CPU.Build.0 = Debug|Any CPU
		{1DB7E7DD-EB3C-4F01-8ED1-361995B85FAA}.Release|Any CPU.ActiveCfg = Release|Any CPU
		{1DB7E7DD-EB3C-4F01-8ED1-361995B85FAA}.Release|Any CPU.Build.0 = Release|Any CPU
		{C85C6E49-AF74-48A4-BF57-D68CDD02BF81}.Debug|Any CPU.ActiveCfg = Debug|Any CPU
		{C85C6E49-AF74-48A4-BF57-D68CDD02BF81}.Debug|Any CPU.Build.0 = Debug|Any CPU
		{C85C6E49-AF74-48A4-BF57-D68CDD02BF81}.Release|Any CPU.ActiveCfg = Release|Any CPU
		{C85C6E49-AF74-48A4-BF57-D68CDD02BF81}.Release|Any CPU.Build.0 = Release|Any CPU
		{D7C7038A-FF0E-48CE-8651-707789B783AD}.Debug|Any CPU.ActiveCfg = Debug|Any CPU
		{D7C7038A-FF0E-48CE-8651-707789B783AD}.Debug|Any CPU.Build.0 = Debug|Any CPU
		{D7C7038A-FF0E-48CE-8651-707789B783AD}.Release|Any CPU.ActiveCfg = Release|Any CPU
		{D7C7038A-FF0E-48CE-8651-707789B783AD}.Release|Any CPU.Build.0 = Release|Any CPU
		{1C99437C-9466-4531-8E71-69CB60FC5D77}.Debug|Any CPU.ActiveCfg = Debug|Any CPU
		{1C99437C-9466-4531-8E71-69CB60FC5D77}.Debug|Any CPU.Build.0 = Debug|Any CPU
		{1C99437C-9466-4531-8E71-69CB60FC5D77}.Release|Any CPU.ActiveCfg = Release|Any CPU
		{1C99437C-9466-4531-8E71-69CB60FC5D77}.Release|Any CPU.Build.0 = Release|Any CPU
	EndGlobalSection
	GlobalSection(SolutionProperties) = preSolution
		HideSolutionNode = FALSE
	EndGlobalSection
	GlobalSection(NestedProjects) = preSolution
		{D00294A5-AAB5-4015-BD30-510A944A1432} = {ED3BD478-18AB-4159-963E-F08AE20E0BDD}
		{004D845F-E879-4A83-A59A-3A904FC86ED1} = {D00294A5-AAB5-4015-BD30-510A944A1432}
		{C85C6E49-AF74-48A4-BF57-D68CDD02BF81} = {004D845F-E879-4A83-A59A-3A904FC86ED1}
		{D7C7038A-FF0E-48CE-8651-707789B783AD} = {004D845F-E879-4A83-A59A-3A904FC86ED1}
		{1C99437C-9466-4531-8E71-69CB60FC5D77} = {004D845F-E879-4A83-A59A-3A904FC86ED1}
	EndGlobalSection
	GlobalSection(ExtensibilityGlobals) = postSolution
		SolutionGuid = {1896CE65-BC8F-4555-9587-349944BA25E1}
	EndGlobalSection
EndGlobal
